
Microsoft Visual Studio Solution File, Format Version 12.00
# Visual Studio Version 17
VisualStudioVersion = 17.4.32916.344
MinimumVisualStudioVersion = 10.0.40219.1
Project("{9A19103F-16F7-4668-BE54-9A1E7A4F7556}") = "SlowInsurance", "SlowInsurance.csproj", "{F56CBDA5-978B-4BEC-86C1-E50E043505FC}"
EndProject
Project("{FAE04EC0-301F-11D3-BF4B-00C04F79EFBC}") = "EmailService", "..\EmailService\EmailService.csproj", "{DC7B29E0-2CC5-4F29-A90E-4D7972F64E28}"
EndProject
Global
	GlobalSection(SolutionConfigurationPlatforms) = preSolution
		Debug|Any CPU = Debug|Any CPU
		Release|Any CPU = Release|Any CPU
	EndGlobalSection
	GlobalSection(ProjectConfigurationPlatforms) = postSolution
		{F56CBDA5-978B-4BEC-86C1-E50E043505FC}.Debug|Any CPU.ActiveCfg = Debug|Any CPU
		{F56CBDA5-978B-4BEC-86C1-E50E043505FC}.Debug|Any CPU.Build.0 = Debug|Any CPU
		{F56CBDA5-978B-4BEC-86C1-E50E043505FC}.Release|Any CPU.ActiveCfg = Release|Any CPU
		{F56CBDA5-978B-4BEC-86C1-E50E043505FC}.Release|Any CPU.Build.0 = Release|Any CPU
		{DC7B29E0-2CC5-4F29-A90E-4D7972F64E28}.Debug|Any CPU.ActiveCfg = Debug|Any CPU
		{DC7B29E0-2CC5-4F29-A90E-4D7972F64E28}.Debug|Any CPU.Build.0 = Debug|Any CPU
		{DC7B29E0-2CC5-4F29-A90E-4D7972F64E28}.Release|Any CPU.ActiveCfg = Release|Any CPU
		{DC7B29E0-2CC5-4F29-A90E-4D7972F64E28}.Release|Any CPU.Build.0 = Release|Any CPU
	EndGlobalSection
	GlobalSection(SolutionProperties) = preSolution
		HideSolutionNode = FALSE
	EndGlobalSection
	GlobalSection(ExtensibilityGlobals) = postSolution
		SolutionGuid = {912E4671-BDCF-4C8B-BC8A-5E8B06D357DE}
	EndGlobalSection
EndGlobal
